// !$*UTF8*$!
{
	archiveVersion = 1;
	classes = {
	};
	objectVersion = 56;
	objects = {

/* Begin PBXBuildFile section */
		982436389A9BC5E6AE6DBCD3 /* Pods_CoffeShopTests.framework in Frameworks */ = {isa = PBXBuildFile; fileRef = 99878875085105D1A15B1EC8 /* Pods_CoffeShopTests.framework */; };
		C43FB524E5E74EEAF3704C57 /* Pods_CoffeShop.framework in Frameworks */ = {isa = PBXBuildFile; fileRef = FB6F2E76DEF9DE5AD9C7C115 /* Pods_CoffeShop.framework */; };
		C86CBD691E68A0C014CDBCBA /* Pods_CoffeShop_CoffeShopUITests.framework in Frameworks */ = {isa = PBXBuildFile; fileRef = 3AE4720DAA22439E53590519 /* Pods_CoffeShop_CoffeShopUITests.framework */; };
		F439B8932BF2D96500CD0BA4 /* AppDelegate.swift in Sources */ = {isa = PBXBuildFile; fileRef = F439B8922BF2D96500CD0BA4 /* AppDelegate.swift */; };
		F439B8952BF2D96500CD0BA4 /* SceneDelegate.swift in Sources */ = {isa = PBXBuildFile; fileRef = F439B8942BF2D96500CD0BA4 /* SceneDelegate.swift */; };
		F439B8972BF2D96500CD0BA4 /* ViewController.swift in Sources */ = {isa = PBXBuildFile; fileRef = F439B8962BF2D96500CD0BA4 /* ViewController.swift */; };
		F439B89C2BF2D96700CD0BA4 /* Assets.xcassets in Resources */ = {isa = PBXBuildFile; fileRef = F439B89B2BF2D96700CD0BA4 /* Assets.xcassets */; };
		F439B89F2BF2D96700CD0BA4 /* Base in Resources */ = {isa = PBXBuildFile; fileRef = F439B89E2BF2D96700CD0BA4 /* Base */; };
		F439B8AA2BF2D96700CD0BA4 /* CoffeShopTests.swift in Sources */ = {isa = PBXBuildFile; fileRef = F439B8A92BF2D96700CD0BA4 /* CoffeShopTests.swift */; };
		F439B8B42BF2D96700CD0BA4 /* CoffeShopUITests.swift in Sources */ = {isa = PBXBuildFile; fileRef = F439B8B32BF2D96700CD0BA4 /* CoffeShopUITests.swift */; };
		F439B8B62BF2D96700CD0BA4 /* CoffeShopUITestsLaunchTests.swift in Sources */ = {isa = PBXBuildFile; fileRef = F439B8B52BF2D96700CD0BA4 /* CoffeShopUITestsLaunchTests.swift */; };
		F439B8C42BF2DCE800CD0BA4 /* LoginScreen.swift in Sources */ = {isa = PBXBuildFile; fileRef = F439B8C32BF2DCE800CD0BA4 /* LoginScreen.swift */; };
		F439B8C72BF2E33E00CD0BA4 /* Sora-Regular.ttf in Resources */ = {isa = PBXBuildFile; fileRef = F439B8C62BF2E33E00CD0BA4 /* Sora-Regular.ttf */; };
		F439B8C92BF2E48B00CD0BA4 /* Sora-SemiBold.ttf in Resources */ = {isa = PBXBuildFile; fileRef = F439B8C82BF2E48B00CD0BA4 /* Sora-SemiBold.ttf */; };
		F439B8D22BF3B3FE00CD0BA4 /* Extensions.swift in Sources */ = {isa = PBXBuildFile; fileRef = F439B8D12BF3B3FE00CD0BA4 /* Extensions.swift */; };
		F439B8D92BF3B9A400CD0BA4 /* Localizable.strings in Resources */ = {isa = PBXBuildFile; fileRef = F439B8D72BF3B9A400CD0BA4 /* Localizable.strings */; };
		F439B8DC2BF3DD7000CD0BA4 /* Extensions.swift in Sources */ = {isa = PBXBuildFile; fileRef = F439B8DB2BF3DD7000CD0BA4 /* Extensions.swift */; };
		F475CF0E2BFAE96F0074AA86 /* Coffee.swift in Sources */ = {isa = PBXBuildFile; fileRef = F475CF0D2BFAE96F0074AA86 /* Coffee.swift */; };
		F475CF112BFAEABB0074AA86 /* HomeViewModel.swift in Sources */ = {isa = PBXBuildFile; fileRef = F475CF102BFAEABB0074AA86 /* HomeViewModel.swift */; };
		F475CF142BFB6EA50074AA86 /* CoffeeRepository.swift in Sources */ = {isa = PBXBuildFile; fileRef = F475CF132BFB6EA50074AA86 /* CoffeeRepository.swift */; };
		F475CF162BFB6F140074AA86 /* CoffeeRepositoryImpl.swift in Sources */ = {isa = PBXBuildFile; fileRef = F475CF152BFB6F140074AA86 /* CoffeeRepositoryImpl.swift */; };
		F475CF192BFB6FF20074AA86 /* CoffeeApiError.swift in Sources */ = {isa = PBXBuildFile; fileRef = F475CF182BFB6FF20074AA86 /* CoffeeApiError.swift */; };
/* End PBXBuildFile section */

/* Begin PBXContainerItemProxy section */
		F439B8A62BF2D96700CD0BA4 /* PBXContainerItemProxy */ = {
			isa = PBXContainerItemProxy;
			containerPortal = F439B8872BF2D96500CD0BA4 /* Project object */;
			proxyType = 1;
			remoteGlobalIDString = F439B88E2BF2D96500CD0BA4;
			remoteInfo = CoffeShop;
		};
		F439B8B02BF2D96700CD0BA4 /* PBXContainerItemProxy */ = {
			isa = PBXContainerItemProxy;
			containerPortal = F439B8872BF2D96500CD0BA4 /* Project object */;
			proxyType = 1;
			remoteGlobalIDString = F439B88E2BF2D96500CD0BA4;
			remoteInfo = CoffeShop;
		};
/* End PBXContainerItemProxy section */

/* Begin PBXFileReference section */
		060D68D8E07956A203BC3763 /* Pods-CoffeShop.debug.xcconfig */ = {isa = PBXFileReference; includeInIndex = 1; lastKnownFileType = text.xcconfig; name = "Pods-CoffeShop.debug.xcconfig"; path = "Target Support Files/Pods-CoffeShop/Pods-CoffeShop.debug.xcconfig"; sourceTree = "<group>"; };
		3AE4720DAA22439E53590519 /* Pods_CoffeShop_CoffeShopUITests.framework */ = {isa = PBXFileReference; explicitFileType = wrapper.framework; includeInIndex = 0; path = Pods_CoffeShop_CoffeShopUITests.framework; sourceTree = BUILT_PRODUCTS_DIR; };
		3BB8B1A14380652579862A20 /* Pods-CoffeShop-CoffeShopUITests.debug.xcconfig */ = {isa = PBXFileReference; includeInIndex = 1; lastKnownFileType = text.xcconfig; name = "Pods-CoffeShop-CoffeShopUITests.debug.xcconfig"; path = "Target Support Files/Pods-CoffeShop-CoffeShopUITests/Pods-CoffeShop-CoffeShopUITests.debug.xcconfig"; sourceTree = "<group>"; };
		99878875085105D1A15B1EC8 /* Pods_CoffeShopTests.framework */ = {isa = PBXFileReference; explicitFileType = wrapper.framework; includeInIndex = 0; path = Pods_CoffeShopTests.framework; sourceTree = BUILT_PRODUCTS_DIR; };
		9A6AA1C13C573ACCEBC743A3 /* Pods-CoffeShopTests.release.xcconfig */ = {isa = PBXFileReference; includeInIndex = 1; lastKnownFileType = text.xcconfig; name = "Pods-CoffeShopTests.release.xcconfig"; path = "Target Support Files/Pods-CoffeShopTests/Pods-CoffeShopTests.release.xcconfig"; sourceTree = "<group>"; };
		CA3F80F369D909257BC42C90 /* Pods-CoffeShop-CoffeShopUITests.release.xcconfig */ = {isa = PBXFileReference; includeInIndex = 1; lastKnownFileType = text.xcconfig; name = "Pods-CoffeShop-CoffeShopUITests.release.xcconfig"; path = "Target Support Files/Pods-CoffeShop-CoffeShopUITests/Pods-CoffeShop-CoffeShopUITests.release.xcconfig"; sourceTree = "<group>"; };
		D7828F60162BA99AAF427EFF /* Pods-CoffeShop.release.xcconfig */ = {isa = PBXFileReference; includeInIndex = 1; lastKnownFileType = text.xcconfig; name = "Pods-CoffeShop.release.xcconfig"; path = "Target Support Files/Pods-CoffeShop/Pods-CoffeShop.release.xcconfig"; sourceTree = "<group>"; };
		D931151A6B0CA245F8577202 /* Pods-CoffeShopTests.debug.xcconfig */ = {isa = PBXFileReference; includeInIndex = 1; lastKnownFileType = text.xcconfig; name = "Pods-CoffeShopTests.debug.xcconfig"; path = "Target Support Files/Pods-CoffeShopTests/Pods-CoffeShopTests.debug.xcconfig"; sourceTree = "<group>"; };
		F439B88F2BF2D96500CD0BA4 /* CoffeShop.app */ = {isa = PBXFileReference; explicitFileType = wrapper.application; includeInIndex = 0; path = CoffeShop.app; sourceTree = BUILT_PRODUCTS_DIR; };
		F439B8922BF2D96500CD0BA4 /* AppDelegate.swift */ = {isa = PBXFileReference; lastKnownFileType = sourcecode.swift; path = AppDelegate.swift; sourceTree = "<group>"; };
		F439B8942BF2D96500CD0BA4 /* SceneDelegate.swift */ = {isa = PBXFileReference; lastKnownFileType = sourcecode.swift; path = SceneDelegate.swift; sourceTree = "<group>"; };
		F439B8962BF2D96500CD0BA4 /* ViewController.swift */ = {isa = PBXFileReference; lastKnownFileType = sourcecode.swift; path = ViewController.swift; sourceTree = "<group>"; };
		F439B89B2BF2D96700CD0BA4 /* Assets.xcassets */ = {isa = PBXFileReference; lastKnownFileType = folder.assetcatalog; path = Assets.xcassets; sourceTree = "<group>"; };
		F439B89E2BF2D96700CD0BA4 /* Base */ = {isa = PBXFileReference; lastKnownFileType = file.storyboard; name = Base; path = Base.lproj/LaunchScreen.storyboard; sourceTree = "<group>"; };
		F439B8A02BF2D96700CD0BA4 /* Info.plist */ = {isa = PBXFileReference; lastKnownFileType = text.plist.xml; path = Info.plist; sourceTree = "<group>"; };
		F439B8A52BF2D96700CD0BA4 /* CoffeShopTests.xctest */ = {isa = PBXFileReference; explicitFileType = wrapper.cfbundle; includeInIndex = 0; path = CoffeShopTests.xctest; sourceTree = BUILT_PRODUCTS_DIR; };
		F439B8A92BF2D96700CD0BA4 /* CoffeShopTests.swift */ = {isa = PBXFileReference; lastKnownFileType = sourcecode.swift; path = CoffeShopTests.swift; sourceTree = "<group>"; };
		F439B8AF2BF2D96700CD0BA4 /* CoffeShopUITests.xctest */ = {isa = PBXFileReference; explicitFileType = wrapper.cfbundle; includeInIndex = 0; path = CoffeShopUITests.xctest; sourceTree = BUILT_PRODUCTS_DIR; };
		F439B8B32BF2D96700CD0BA4 /* CoffeShopUITests.swift */ = {isa = PBXFileReference; lastKnownFileType = sourcecode.swift; path = CoffeShopUITests.swift; sourceTree = "<group>"; };
		F439B8B52BF2D96700CD0BA4 /* CoffeShopUITestsLaunchTests.swift */ = {isa = PBXFileReference; lastKnownFileType = sourcecode.swift; path = CoffeShopUITestsLaunchTests.swift; sourceTree = "<group>"; };
		F439B8C32BF2DCE800CD0BA4 /* LoginScreen.swift */ = {isa = PBXFileReference; lastKnownFileType = sourcecode.swift; path = LoginScreen.swift; sourceTree = "<group>"; };
		F439B8C62BF2E33E00CD0BA4 /* Sora-Regular.ttf */ = {isa = PBXFileReference; lastKnownFileType = file; path = "Sora-Regular.ttf"; sourceTree = "<group>"; };
		F439B8C82BF2E48B00CD0BA4 /* Sora-SemiBold.ttf */ = {isa = PBXFileReference; lastKnownFileType = file; path = "Sora-SemiBold.ttf"; sourceTree = "<group>"; };
		F439B8D12BF3B3FE00CD0BA4 /* Extensions.swift */ = {isa = PBXFileReference; lastKnownFileType = sourcecode.swift; path = Extensions.swift; sourceTree = "<group>"; };
		F439B8D82BF3B9A400CD0BA4 /* en */ = {isa = PBXFileReference; lastKnownFileType = text.plist.strings; name = en; path = en.lproj/Localizable.strings; sourceTree = "<group>"; };
		F439B8DB2BF3DD7000CD0BA4 /* Extensions.swift */ = {isa = PBXFileReference; lastKnownFileType = sourcecode.swift; path = Extensions.swift; sourceTree = "<group>"; };
		F475CF0D2BFAE96F0074AA86 /* Coffee.swift */ = {isa = PBXFileReference; lastKnownFileType = sourcecode.swift; path = Coffee.swift; sourceTree = "<group>"; };
		F475CF102BFAEABB0074AA86 /* HomeViewModel.swift */ = {isa = PBXFileReference; lastKnownFileType = sourcecode.swift; path = HomeViewModel.swift; sourceTree = "<group>"; };
		F475CF132BFB6EA50074AA86 /* CoffeeRepository.swift */ = {isa = PBXFileReference; lastKnownFileType = sourcecode.swift; path = CoffeeRepository.swift; sourceTree = "<group>"; };
		F475CF152BFB6F140074AA86 /* CoffeeRepositoryImpl.swift */ = {isa = PBXFileReference; lastKnownFileType = sourcecode.swift; path = CoffeeRepositoryImpl.swift; sourceTree = "<group>"; };
		F475CF182BFB6FF20074AA86 /* CoffeeApiError.swift */ = {isa = PBXFileReference; lastKnownFileType = sourcecode.swift; path = CoffeeApiError.swift; sourceTree = "<group>"; };
		FB6F2E76DEF9DE5AD9C7C115 /* Pods_CoffeShop.framework */ = {isa = PBXFileReference; explicitFileType = wrapper.framework; includeInIndex = 0; path = Pods_CoffeShop.framework; sourceTree = BUILT_PRODUCTS_DIR; };
/* End PBXFileReference section */

/* Begin PBXFrameworksBuildPhase section */
		F439B88C2BF2D96500CD0BA4 /* Frameworks */ = {
			isa = PBXFrameworksBuildPhase;
			buildActionMask = 2147483647;
			files = (
				C43FB524E5E74EEAF3704C57 /* Pods_CoffeShop.framework in Frameworks */,
			);
			runOnlyForDeploymentPostprocessing = 0;
		};
		F439B8A22BF2D96700CD0BA4 /* Frameworks */ = {
			isa = PBXFrameworksBuildPhase;
			buildActionMask = 2147483647;
			files = (
				982436389A9BC5E6AE6DBCD3 /* Pods_CoffeShopTests.framework in Frameworks */,
			);
			runOnlyForDeploymentPostprocessing = 0;
		};
		F439B8AC2BF2D96700CD0BA4 /* Frameworks */ = {
			isa = PBXFrameworksBuildPhase;
			buildActionMask = 2147483647;
			files = (
				C86CBD691E68A0C014CDBCBA /* Pods_CoffeShop_CoffeShopUITests.framework in Frameworks */,
			);
			runOnlyForDeploymentPostprocessing = 0;
		};
/* End PBXFrameworksBuildPhase section */

/* Begin PBXGroup section */
		3DD04B5BBA997CA2BF339947 /* Pods */ = {
			isa = PBXGroup;
			children = (
				060D68D8E07956A203BC3763 /* Pods-CoffeShop.debug.xcconfig */,
				D7828F60162BA99AAF427EFF /* Pods-CoffeShop.release.xcconfig */,
				3BB8B1A14380652579862A20 /* Pods-CoffeShop-CoffeShopUITests.debug.xcconfig */,
				CA3F80F369D909257BC42C90 /* Pods-CoffeShop-CoffeShopUITests.release.xcconfig */,
				D931151A6B0CA245F8577202 /* Pods-CoffeShopTests.debug.xcconfig */,
				9A6AA1C13C573ACCEBC743A3 /* Pods-CoffeShopTests.release.xcconfig */,
			);
			path = Pods;
			sourceTree = "<group>";
		};
		B219ED34BFC968DD60AF42DC /* Frameworks */ = {
			isa = PBXGroup;
			children = (
				FB6F2E76DEF9DE5AD9C7C115 /* Pods_CoffeShop.framework */,
				3AE4720DAA22439E53590519 /* Pods_CoffeShop_CoffeShopUITests.framework */,
				99878875085105D1A15B1EC8 /* Pods_CoffeShopTests.framework */,
			);
			name = Frameworks;
			sourceTree = "<group>";
		};
		F439B8862BF2D96500CD0BA4 = {
			isa = PBXGroup;
			children = (
				F439B8912BF2D96500CD0BA4 /* CoffeShop */,
				F439B8A82BF2D96700CD0BA4 /* CoffeShopTests */,
				F439B8B22BF2D96700CD0BA4 /* CoffeShopUITests */,
				F439B8902BF2D96500CD0BA4 /* Products */,
				3DD04B5BBA997CA2BF339947 /* Pods */,
				B219ED34BFC968DD60AF42DC /* Frameworks */,
			);
			sourceTree = "<group>";
		};
		F439B8902BF2D96500CD0BA4 /* Products */ = {
			isa = PBXGroup;
			children = (
				F439B88F2BF2D96500CD0BA4 /* CoffeShop.app */,
				F439B8A52BF2D96700CD0BA4 /* CoffeShopTests.xctest */,
				F439B8AF2BF2D96700CD0BA4 /* CoffeShopUITests.xctest */,
			);
			name = Products;
			sourceTree = "<group>";
		};
		F439B8912BF2D96500CD0BA4 /* CoffeShop */ = {
			isa = PBXGroup;
			children = (
				F475CF172BFB6FD20074AA86 /* Errors */,
				F475CF122BFB6E7C0074AA86 /* Repositories */,
				F475CF0F2BFAEAA00074AA86 /* ViewModels */,
				F475CF0C2BFAE9400074AA86 /* Models */,
				F439B8CE2BF3B22F00CD0BA4 /* Common */,
				F439B8C52BF2E32300CD0BA4 /* fonts */,
				F439B8C22BF2DCB400CD0BA4 /* Screens */,
				F439B8922BF2D96500CD0BA4 /* AppDelegate.swift */,
				F439B8942BF2D96500CD0BA4 /* SceneDelegate.swift */,
				F439B8962BF2D96500CD0BA4 /* ViewController.swift */,
				F439B89B2BF2D96700CD0BA4 /* Assets.xcassets */,
				F439B89D2BF2D96700CD0BA4 /* LaunchScreen.storyboard */,
				F439B8A02BF2D96700CD0BA4 /* Info.plist */,
				F439B8D72BF3B9A400CD0BA4 /* Localizable.strings */,
			);
			path = CoffeShop;
			sourceTree = "<group>";
		};
		F439B8A82BF2D96700CD0BA4 /* CoffeShopTests */ = {
			isa = PBXGroup;
			children = (
				F439B8DA2BF3DD5F00CD0BA4 /* Common */,
				F439B8A92BF2D96700CD0BA4 /* CoffeShopTests.swift */,
				F439B8DB2BF3DD7000CD0BA4 /* Extensions.swift */,
			);
			path = CoffeShopTests;
			sourceTree = "<group>";
		};
		F439B8B22BF2D96700CD0BA4 /* CoffeShopUITests */ = {
			isa = PBXGroup;
			children = (
				F439B8B32BF2D96700CD0BA4 /* CoffeShopUITests.swift */,
				F439B8B52BF2D96700CD0BA4 /* CoffeShopUITestsLaunchTests.swift */,
			);
			path = CoffeShopUITests;
			sourceTree = "<group>";
		};
		F439B8C22BF2DCB400CD0BA4 /* Screens */ = {
			isa = PBXGroup;
			children = (
				F439B8C32BF2DCE800CD0BA4 /* LoginScreen.swift */,
			);
			path = Screens;
			sourceTree = "<group>";
		};
		F439B8C52BF2E32300CD0BA4 /* fonts */ = {
			isa = PBXGroup;
			children = (
				F439B8C62BF2E33E00CD0BA4 /* Sora-Regular.ttf */,
				F439B8C82BF2E48B00CD0BA4 /* Sora-SemiBold.ttf */,
			);
			path = fonts;
			sourceTree = "<group>";
		};
		F439B8CE2BF3B22F00CD0BA4 /* Common */ = {
			isa = PBXGroup;
			children = (
				F439B8D12BF3B3FE00CD0BA4 /* Extensions.swift */,
			);
			path = Common;
			sourceTree = "<group>";
		};
		F439B8DA2BF3DD5F00CD0BA4 /* Common */ = {
			isa = PBXGroup;
			children = (
			);
			path = Common;
			sourceTree = "<group>";
		};
		F475CF0C2BFAE9400074AA86 /* Models */ = {
			isa = PBXGroup;
			children = (
				F475CF0D2BFAE96F0074AA86 /* Coffee.swift */,
			);
			path = Models;
			sourceTree = "<group>";
		};
		F475CF0F2BFAEAA00074AA86 /* ViewModels */ = {
			isa = PBXGroup;
			children = (
				F475CF102BFAEABB0074AA86 /* HomeViewModel.swift */,
			);
			path = ViewModels;
			sourceTree = "<group>";
		};
		F475CF122BFB6E7C0074AA86 /* Repositories */ = {
			isa = PBXGroup;
			children = (
				F475CF132BFB6EA50074AA86 /* CoffeeRepository.swift */,
				F475CF152BFB6F140074AA86 /* CoffeeRepositoryImpl.swift */,
			);
			path = Repositories;
			sourceTree = "<group>";
		};
		F475CF172BFB6FD20074AA86 /* Errors */ = {
			isa = PBXGroup;
			children = (
				F475CF182BFB6FF20074AA86 /* CoffeeApiError.swift */,
			);
			path = Errors;
			sourceTree = "<group>";
		};
/* End PBXGroup section */

/* Begin PBXNativeTarget section */
		F439B88E2BF2D96500CD0BA4 /* CoffeShop */ = {
			isa = PBXNativeTarget;
			buildConfigurationList = F439B8B92BF2D96700CD0BA4 /* Build configuration list for PBXNativeTarget "CoffeShop" */;
			buildPhases = (
				65D440D6D470ED2CB6230376 /* [CP] Check Pods Manifest.lock */,
				F439B88B2BF2D96500CD0BA4 /* Sources */,
				F439B88C2BF2D96500CD0BA4 /* Frameworks */,
				F439B88D2BF2D96500CD0BA4 /* Resources */,
			);
			buildRules = (
			);
			dependencies = (
			);
			name = CoffeShop;
			productName = CoffeShop;
			productReference = F439B88F2BF2D96500CD0BA4 /* CoffeShop.app */;
			productType = "com.apple.product-type.application";
		};
		F439B8A42BF2D96700CD0BA4 /* CoffeShopTests */ = {
			isa = PBXNativeTarget;
			buildConfigurationList = F439B8BC2BF2D96700CD0BA4 /* Build configuration list for PBXNativeTarget "CoffeShopTests" */;
			buildPhases = (
				589A228D7D1FB5A6C042FD21 /* [CP] Check Pods Manifest.lock */,
				F439B8A12BF2D96700CD0BA4 /* Sources */,
				F439B8A22BF2D96700CD0BA4 /* Frameworks */,
				F439B8A32BF2D96700CD0BA4 /* Resources */,
				6321B219FD5BF312EEE24F02 /* [CP] Embed Pods Frameworks */,
			);
			buildRules = (
			);
			dependencies = (
				F439B8A72BF2D96700CD0BA4 /* PBXTargetDependency */,
			);
			name = CoffeShopTests;
			productName = CoffeShopTests;
			productReference = F439B8A52BF2D96700CD0BA4 /* CoffeShopTests.xctest */;
			productType = "com.apple.product-type.bundle.unit-test";
		};
		F439B8AE2BF2D96700CD0BA4 /* CoffeShopUITests */ = {
			isa = PBXNativeTarget;
			buildConfigurationList = F439B8BF2BF2D96700CD0BA4 /* Build configuration list for PBXNativeTarget "CoffeShopUITests" */;
			buildPhases = (
				3083ACECD2C448AB804C89D4 /* [CP] Check Pods Manifest.lock */,
				F439B8AB2BF2D96700CD0BA4 /* Sources */,
				F439B8AC2BF2D96700CD0BA4 /* Frameworks */,
				F439B8AD2BF2D96700CD0BA4 /* Resources */,
			);
			buildRules = (
			);
			dependencies = (
				F439B8B12BF2D96700CD0BA4 /* PBXTargetDependency */,
			);
			name = CoffeShopUITests;
			productName = CoffeShopUITests;
			productReference = F439B8AF2BF2D96700CD0BA4 /* CoffeShopUITests.xctest */;
			productType = "com.apple.product-type.bundle.ui-testing";
		};
/* End PBXNativeTarget section */

/* Begin PBXProject section */
		F439B8872BF2D96500CD0BA4 /* Project object */ = {
			isa = PBXProject;
			attributes = {
				BuildIndependentTargetsInParallel = 1;
				LastSwiftUpdateCheck = 1530;
				LastUpgradeCheck = 1530;
				TargetAttributes = {
					F439B88E2BF2D96500CD0BA4 = {
						CreatedOnToolsVersion = 15.3;
					};
					F439B8A42BF2D96700CD0BA4 = {
						CreatedOnToolsVersion = 15.3;
						TestTargetID = F439B88E2BF2D96500CD0BA4;
					};
					F439B8AE2BF2D96700CD0BA4 = {
						CreatedOnToolsVersion = 15.3;
						TestTargetID = F439B88E2BF2D96500CD0BA4;
					};
				};
			};
			buildConfigurationList = F439B88A2BF2D96500CD0BA4 /* Build configuration list for PBXProject "CoffeShop" */;
			compatibilityVersion = "Xcode 14.0";
			developmentRegion = en;
			hasScannedForEncodings = 0;
			knownRegions = (
				en,
				Base,
			);
			mainGroup = F439B8862BF2D96500CD0BA4;
			productRefGroup = F439B8902BF2D96500CD0BA4 /* Products */;
			projectDirPath = "";
			projectRoot = "";
			targets = (
				F439B88E2BF2D96500CD0BA4 /* CoffeShop */,
				F439B8A42BF2D96700CD0BA4 /* CoffeShopTests */,
				F439B8AE2BF2D96700CD0BA4 /* CoffeShopUITests */,
			);
		};
/* End PBXProject section */

/* Begin PBXResourcesBuildPhase section */
		F439B88D2BF2D96500CD0BA4 /* Resources */ = {
			isa = PBXResourcesBuildPhase;
			buildActionMask = 2147483647;
			files = (
				F439B8D92BF3B9A400CD0BA4 /* Localizable.strings in Resources */,
				F439B89C2BF2D96700CD0BA4 /* Assets.xcassets in Resources */,
				F439B8C72BF2E33E00CD0BA4 /* Sora-Regular.ttf in Resources */,
				F439B8C92BF2E48B00CD0BA4 /* Sora-SemiBold.ttf in Resources */,
				F439B89F2BF2D96700CD0BA4 /* Base in Resources */,
			);
			runOnlyForDeploymentPostprocessing = 0;
		};
		F439B8A32BF2D96700CD0BA4 /* Resources */ = {
			isa = PBXResourcesBuildPhase;
			buildActionMask = 2147483647;
			files = (
			);
			runOnlyForDeploymentPostprocessing = 0;
		};
		F439B8AD2BF2D96700CD0BA4 /* Resources */ = {
			isa = PBXResourcesBuildPhase;
			buildActionMask = 2147483647;
			files = (
			);
			runOnlyForDeploymentPostprocessing = 0;
		};
/* End PBXResourcesBuildPhase section */

/* Begin PBXShellScriptBuildPhase section */
		3083ACECD2C448AB804C89D4 /* [CP] Check Pods Manifest.lock */ = {
			isa = PBXShellScriptBuildPhase;
			buildActionMask = 2147483647;
			files = (
			);
			inputFileListPaths = (
			);
			inputPaths = (
				"${PODS_PODFILE_DIR_PATH}/Podfile.lock",
				"${PODS_ROOT}/Manifest.lock",
			);
			name = "[CP] Check Pods Manifest.lock";
			outputFileListPaths = (
			);
			outputPaths = (
				"$(DERIVED_FILE_DIR)/Pods-CoffeShop-CoffeShopUITests-checkManifestLockResult.txt",
			);
			runOnlyForDeploymentPostprocessing = 0;
			shellPath = /bin/sh;
			shellScript = "diff \"${PODS_PODFILE_DIR_PATH}/Podfile.lock\" \"${PODS_ROOT}/Manifest.lock\" > /dev/null\nif [ $? != 0 ] ; then\n    # print error to STDERR\n    echo \"error: The sandbox is not in sync with the Podfile.lock. Run 'pod install' or update your CocoaPods installation.\" >&2\n    exit 1\nfi\n# This output is used by Xcode 'outputs' to avoid re-running this script phase.\necho \"SUCCESS\" > \"${SCRIPT_OUTPUT_FILE_0}\"\n";
			showEnvVarsInLog = 0;
		};
		589A228D7D1FB5A6C042FD21 /* [CP] Check Pods Manifest.lock */ = {
			isa = PBXShellScriptBuildPhase;
			buildActionMask = 2147483647;
			files = (
			);
			inputFileListPaths = (
			);
			inputPaths = (
				"${PODS_PODFILE_DIR_PATH}/Podfile.lock",
				"${PODS_ROOT}/Manifest.lock",
			);
			name = "[CP] Check Pods Manifest.lock";
			outputFileListPaths = (
			);
			outputPaths = (
				"$(DERIVED_FILE_DIR)/Pods-CoffeShopTests-checkManifestLockResult.txt",
			);
			runOnlyForDeploymentPostprocessing = 0;
			shellPath = /bin/sh;
			shellScript = "diff \"${PODS_PODFILE_DIR_PATH}/Podfile.lock\" \"${PODS_ROOT}/Manifest.lock\" > /dev/null\nif [ $? != 0 ] ; then\n    # print error to STDERR\n    echo \"error: The sandbox is not in sync with the Podfile.lock. Run 'pod install' or update your CocoaPods installation.\" >&2\n    exit 1\nfi\n# This output is used by Xcode 'outputs' to avoid re-running this script phase.\necho \"SUCCESS\" > \"${SCRIPT_OUTPUT_FILE_0}\"\n";
			showEnvVarsInLog = 0;
		};
		6321B219FD5BF312EEE24F02 /* [CP] Embed Pods Frameworks */ = {
			isa = PBXShellScriptBuildPhase;
			buildActionMask = 2147483647;
			files = (
			);
			inputFileListPaths = (
				"${PODS_ROOT}/Target Support Files/Pods-CoffeShopTests/Pods-CoffeShopTests-frameworks-${CONFIGURATION}-input-files.xcfilelist",
			);
			name = "[CP] Embed Pods Frameworks";
			outputFileListPaths = (
				"${PODS_ROOT}/Target Support Files/Pods-CoffeShopTests/Pods-CoffeShopTests-frameworks-${CONFIGURATION}-output-files.xcfilelist",
			);
			runOnlyForDeploymentPostprocessing = 0;
			shellPath = /bin/sh;
			shellScript = "\"${PODS_ROOT}/Target Support Files/Pods-CoffeShopTests/Pods-CoffeShopTests-frameworks.sh\"\n";
			showEnvVarsInLog = 0;
		};
		65D440D6D470ED2CB6230376 /* [CP] Check Pods Manifest.lock */ = {
			isa = PBXShellScriptBuildPhase;
			buildActionMask = 2147483647;
			files = (
			);
			inputFileListPaths = (
			);
			inputPaths = (
				"${PODS_PODFILE_DIR_PATH}/Podfile.lock",
				"${PODS_ROOT}/Manifest.lock",
			);
			name = "[CP] Check Pods Manifest.lock";
			outputFileListPaths = (
			);
			outputPaths = (
				"$(DERIVED_FILE_DIR)/Pods-CoffeShop-checkManifestLockResult.txt",
			);
			runOnlyForDeploymentPostprocessing = 0;
			shellPath = /bin/sh;
			shellScript = "diff \"${PODS_PODFILE_DIR_PATH}/Podfile.lock\" \"${PODS_ROOT}/Manifest.lock\" > /dev/null\nif [ $? != 0 ] ; then\n    # print error to STDERR\n    echo \"error: The sandbox is not in sync with the Podfile.lock. Run 'pod install' or update your CocoaPods installation.\" >&2\n    exit 1\nfi\n# This output is used by Xcode 'outputs' to avoid re-running this script phase.\necho \"SUCCESS\" > \"${SCRIPT_OUTPUT_FILE_0}\"\n";
			showEnvVarsInLog = 0;
		};
/* End PBXShellScriptBuildPhase section */

/* Begin PBXSourcesBuildPhase section */
		F439B88B2BF2D96500CD0BA4 /* Sources */ = {
			isa = PBXSourcesBuildPhase;
			buildActionMask = 2147483647;
			files = (
				F439B8972BF2D96500CD0BA4 /* ViewController.swift in Sources */,
				F475CF142BFB6EA50074AA86 /* CoffeeRepository.swift in Sources */,
				F439B8D22BF3B3FE00CD0BA4 /* Extensions.swift in Sources */,
				F475CF162BFB6F140074AA86 /* CoffeeRepositoryImpl.swift in Sources */,
				F475CF112BFAEABB0074AA86 /* HomeViewModel.swift in Sources */,
				F475CF192BFB6FF20074AA86 /* CoffeeApiError.swift in Sources */,
				F439B8C42BF2DCE800CD0BA4 /* LoginScreen.swift in Sources */,
				F439B8932BF2D96500CD0BA4 /* AppDelegate.swift in Sources */,
				F439B8952BF2D96500CD0BA4 /* SceneDelegate.swift in Sources */,
				F475CF0E2BFAE96F0074AA86 /* Coffee.swift in Sources */,
			);
			runOnlyForDeploymentPostprocessing = 0;
		};
		F439B8A12BF2D96700CD0BA4 /* Sources */ = {
			isa = PBXSourcesBuildPhase;
			buildActionMask = 2147483647;
			files = (
				F439B8AA2BF2D96700CD0BA4 /* CoffeShopTests.swift in Sources */,
				F439B8DC2BF3DD7000CD0BA4 /* Extensions.swift in Sources */,
			);
			runOnlyForDeploymentPostprocessing = 0;
		};
		F439B8AB2BF2D96700CD0BA4 /* Sources */ = {
			isa = PBXSourcesBuildPhase;
			buildActionMask = 2147483647;
			files = (
				F439B8B62BF2D96700CD0BA4 /* CoffeShopUITestsLaunchTests.swift in Sources */,
				F439B8B42BF2D96700CD0BA4 /* CoffeShopUITests.swift in Sources */,
			);
			runOnlyForDeploymentPostprocessing = 0;
		};
/* End PBXSourcesBuildPhase section */

/* Begin PBXTargetDependency section */
		F439B8A72BF2D96700CD0BA4 /* PBXTargetDependency */ = {
			isa = PBXTargetDependency;
			target = F439B88E2BF2D96500CD0BA4 /* CoffeShop */;
			targetProxy = F439B8A62BF2D96700CD0BA4 /* PBXContainerItemProxy */;
		};
		F439B8B12BF2D96700CD0BA4 /* PBXTargetDependency */ = {
			isa = PBXTargetDependency;
			target = F439B88E2BF2D96500CD0BA4 /* CoffeShop */;
			targetProxy = F439B8B02BF2D96700CD0BA4 /* PBXContainerItemProxy */;
		};
/* End PBXTargetDependency section */

/* Begin PBXVariantGroup section */
		F439B89D2BF2D96700CD0BA4 /* LaunchScreen.storyboard */ = {
			isa = PBXVariantGroup;
			children = (
				F439B89E2BF2D96700CD0BA4 /* Base */,
			);
			name = LaunchScreen.storyboard;
			sourceTree = "<group>";
		};
		F439B8D72BF3B9A400CD0BA4 /* Localizable.strings */ = {
			isa = PBXVariantGroup;
			children = (
				F439B8D82BF3B9A400CD0BA4 /* en */,
			);
			name = Localizable.strings;
			sourceTree = "<group>";
		};
/* End PBXVariantGroup section */

/* Begin XCBuildConfiguration section */
		F439B8B72BF2D96700CD0BA4 /* Debug */ = {
			isa = XCBuildConfiguration;
			buildSettings = {
				ALWAYS_SEARCH_USER_PATHS = NO;
				ASSETCATALOG_COMPILER_GENERATE_SWIFT_ASSET_SYMBOL_EXTENSIONS = YES;
				CLANG_ANALYZER_NONNULL = YES;
				CLANG_ANALYZER_NUMBER_OBJECT_CONVERSION = YES_AGGRESSIVE;
				CLANG_CXX_LANGUAGE_STANDARD = "gnu++20";
				CLANG_ENABLE_MODULES = YES;
				CLANG_ENABLE_OBJC_ARC = YES;
				CLANG_ENABLE_OBJC_WEAK = YES;
				CLANG_WARN_BLOCK_CAPTURE_AUTORELEASING = YES;
				CLANG_WARN_BOOL_CONVERSION = YES;
				CLANG_WARN_COMMA = YES;
				CLANG_WARN_CONSTANT_CONVERSION = YES;
				CLANG_WARN_DEPRECATED_OBJC_IMPLEMENTATIONS = YES;
				CLANG_WARN_DIRECT_OBJC_ISA_USAGE = YES_ERROR;
				CLANG_WARN_DOCUMENTATION_COMMENTS = YES;
				CLANG_WARN_EMPTY_BODY = YES;
				CLANG_WARN_ENUM_CONVERSION = YES;
				CLANG_WARN_INFINITE_RECURSION = YES;
				CLANG_WARN_INT_CONVERSION = YES;
				CLANG_WARN_NON_LITERAL_NULL_CONVERSION = YES;
				CLANG_WARN_OBJC_IMPLICIT_RETAIN_SELF = YES;
				CLANG_WARN_OBJC_LITERAL_CONVERSION = YES;
				CLANG_WARN_OBJC_ROOT_CLASS = YES_ERROR;
				CLANG_WARN_QUOTED_INCLUDE_IN_FRAMEWORK_HEADER = YES;
				CLANG_WARN_RANGE_LOOP_ANALYSIS = YES;
				CLANG_WARN_STRICT_PROTOTYPES = YES;
				CLANG_WARN_SUSPICIOUS_MOVE = YES;
				CLANG_WARN_UNGUARDED_AVAILABILITY = YES_AGGRESSIVE;
				CLANG_WARN_UNREACHABLE_CODE = YES;
				CLANG_WARN__DUPLICATE_METHOD_MATCH = YES;
				COPY_PHASE_STRIP = NO;
				DEBUG_INFORMATION_FORMAT = dwarf;
				ENABLE_STRICT_OBJC_MSGSEND = YES;
				ENABLE_TESTABILITY = YES;
				ENABLE_USER_SCRIPT_SANDBOXING = YES;
				GCC_C_LANGUAGE_STANDARD = gnu17;
				GCC_DYNAMIC_NO_PIC = NO;
				GCC_NO_COMMON_BLOCKS = YES;
				GCC_OPTIMIZATION_LEVEL = 0;
				GCC_PREPROCESSOR_DEFINITIONS = (
					"DEBUG=1",
					"$(inherited)",
				);
				GCC_WARN_64_TO_32_BIT_CONVERSION = YES;
				GCC_WARN_ABOUT_RETURN_TYPE = YES_ERROR;
				GCC_WARN_UNDECLARED_SELECTOR = YES;
				GCC_WARN_UNINITIALIZED_AUTOS = YES_AGGRESSIVE;
				GCC_WARN_UNUSED_FUNCTION = YES;
				GCC_WARN_UNUSED_VARIABLE = YES;
				IPHONEOS_DEPLOYMENT_TARGET = 17.4;
				LOCALIZATION_PREFERS_STRING_CATALOGS = YES;
				MTL_ENABLE_DEBUG_INFO = INCLUDE_SOURCE;
				MTL_FAST_MATH = YES;
				ONLY_ACTIVE_ARCH = YES;
				SDKROOT = iphoneos;
				SWIFT_ACTIVE_COMPILATION_CONDITIONS = "DEBUG $(inherited)";
				SWIFT_OPTIMIZATION_LEVEL = "-Onone";
			};
			name = Debug;
		};
		F439B8B82BF2D96700CD0BA4 /* Release */ = {
			isa = XCBuildConfiguration;
			buildSettings = {
				ALWAYS_SEARCH_USER_PATHS = NO;
				ASSETCATALOG_COMPILER_GENERATE_SWIFT_ASSET_SYMBOL_EXTENSIONS = YES;
				CLANG_ANALYZER_NONNULL = YES;
				CLANG_ANALYZER_NUMBER_OBJECT_CONVERSION = YES_AGGRESSIVE;
				CLANG_CXX_LANGUAGE_STANDARD = "gnu++20";
				CLANG_ENABLE_MODULES = YES;
				CLANG_ENABLE_OBJC_ARC = YES;
				CLANG_ENABLE_OBJC_WEAK = YES;
				CLANG_WARN_BLOCK_CAPTURE_AUTORELEASING = YES;
				CLANG_WARN_BOOL_CONVERSION = YES;
				CLANG_WARN_COMMA = YES;
				CLANG_WARN_CONSTANT_CONVERSION = YES;
				CLANG_WARN_DEPRECATED_OBJC_IMPLEMENTATIONS = YES;
				CLANG_WARN_DIRECT_OBJC_ISA_USAGE = YES_ERROR;
				CLANG_WARN_DOCUMENTATION_COMMENTS = YES;
				CLANG_WARN_EMPTY_BODY = YES;
				CLANG_WARN_ENUM_CONVERSION = YES;
				CLANG_WARN_INFINITE_RECURSION = YES;
				CLANG_WARN_INT_CONVERSION = YES;
				CLANG_WARN_NON_LITERAL_NULL_CONVERSION = YES;
				CLANG_WARN_OBJC_IMPLICIT_RETAIN_SELF = YES;
				CLANG_WARN_OBJC_LITERAL_CONVERSION = YES;
				CLANG_WARN_OBJC_ROOT_CLASS = YES_ERROR;
				CLANG_WARN_QUOTED_INCLUDE_IN_FRAMEWORK_HEADER = YES;
				CLANG_WARN_RANGE_LOOP_ANALYSIS = YES;
				CLANG_WARN_STRICT_PROTOTYPES = YES;
				CLANG_WARN_SUSPICIOUS_MOVE = YES;
				CLANG_WARN_UNGUARDED_AVAILABILITY = YES_AGGRESSIVE;
				CLANG_WARN_UNREACHABLE_CODE = YES;
				CLANG_WARN__DUPLICATE_METHOD_MATCH = YES;
				COPY_PHASE_STRIP = NO;
				DEBUG_INFORMATION_FORMAT = "dwarf-with-dsym";
				ENABLE_NS_ASSERTIONS = NO;
				ENABLE_STRICT_OBJC_MSGSEND = YES;
				ENABLE_USER_SCRIPT_SANDBOXING = YES;
				GCC_C_LANGUAGE_STANDARD = gnu17;
				GCC_NO_COMMON_BLOCKS = YES;
				GCC_WARN_64_TO_32_BIT_CONVERSION = YES;
				GCC_WARN_ABOUT_RETURN_TYPE = YES_ERROR;
				GCC_WARN_UNDECLARED_SELECTOR = YES;
				GCC_WARN_UNINITIALIZED_AUTOS = YES_AGGRESSIVE;
				GCC_WARN_UNUSED_FUNCTION = YES;
				GCC_WARN_UNUSED_VARIABLE = YES;
				IPHONEOS_DEPLOYMENT_TARGET = 17.4;
				LOCALIZATION_PREFERS_STRING_CATALOGS = YES;
				MTL_ENABLE_DEBUG_INFO = NO;
				MTL_FAST_MATH = YES;
				SDKROOT = iphoneos;
				SWIFT_COMPILATION_MODE = wholemodule;
				VALIDATE_PRODUCT = YES;
			};
			name = Release;
		};
		F439B8BA2BF2D96700CD0BA4 /* Debug */ = {
			isa = XCBuildConfiguration;
			baseConfigurationReference = 060D68D8E07956A203BC3763 /* Pods-CoffeShop.debug.xcconfig */;
			buildSettings = {
				ASSETCATALOG_COMPILER_APPICON_NAME = AppIcon;
				ASSETCATALOG_COMPILER_GLOBAL_ACCENT_COLOR_NAME = AccentColor;
				CODE_SIGN_STYLE = Automatic;
				CURRENT_PROJECT_VERSION = 1;
				GENERATE_INFOPLIST_FILE = YES;
				INFOPLIST_FILE = CoffeShop/Info.plist;
				INFOPLIST_KEY_UIApplicationSupportsIndirectInputEvents = YES;
				INFOPLIST_KEY_UILaunchStoryboardName = LaunchScreen;
				INFOPLIST_KEY_UISupportedInterfaceOrientations_iPad = "UIInterfaceOrientationPortrait UIInterfaceOrientationPortraitUpsideDown UIInterfaceOrientationLandscapeLeft UIInterfaceOrientationLandscapeRight";
				INFOPLIST_KEY_UISupportedInterfaceOrientations_iPhone = "UIInterfaceOrientationPortrait UIInterfaceOrientationLandscapeLeft UIInterfaceOrientationLandscapeRight";
				LD_RUNPATH_SEARCH_PATHS = (
					"$(inherited)",
					"@executable_path/Frameworks",
				);
				MARKETING_VERSION = 1.0;
				PRODUCT_BUNDLE_IDENTIFIER = julio.CoffeShop;
				PRODUCT_NAME = "$(TARGET_NAME)";
				SWIFT_EMIT_LOC_STRINGS = YES;
				SWIFT_VERSION = 5.0;
				TARGETED_DEVICE_FAMILY = "1,2";
			};
			name = Debug;
		};
		F439B8BB2BF2D96700CD0BA4 /* Release */ = {
			isa = XCBuildConfiguration;
			baseConfigurationReference = D7828F60162BA99AAF427EFF /* Pods-CoffeShop.release.xcconfig */;
			buildSettings = {
				ASSETCATALOG_COMPILER_APPICON_NAME = AppIcon;
				ASSETCATALOG_COMPILER_GLOBAL_ACCENT_COLOR_NAME = AccentColor;
				CODE_SIGN_STYLE = Automatic;
				CURRENT_PROJECT_VERSION = 1;
				GENERATE_INFOPLIST_FILE = YES;
				INFOPLIST_FILE = CoffeShop/Info.plist;
				INFOPLIST_KEY_UIApplicationSupportsIndirectInputEvents = YES;
				INFOPLIST_KEY_UILaunchStoryboardName = LaunchScreen;
				INFOPLIST_KEY_UISupportedInterfaceOrientations_iPad = "UIInterfaceOrientationPortrait UIInterfaceOrientationPortraitUpsideDown UIInterfaceOrientationLandscapeLeft UIInterfaceOrientationLandscapeRight";
				INFOPLIST_KEY_UISupportedInterfaceOrientations_iPhone = "UIInterfaceOrientationPortrait UIInterfaceOrientationLandscapeLeft UIInterfaceOrientationLandscapeRight";
				LD_RUNPATH_SEARCH_PATHS = (
					"$(inherited)",
					"@executable_path/Frameworks",
				);
				MARKETING_VERSION = 1.0;
				PRODUCT_BUNDLE_IDENTIFIER = julio.CoffeShop;
				PRODUCT_NAME = "$(TARGET_NAME)";
				SWIFT_EMIT_LOC_STRINGS = YES;
				SWIFT_VERSION = 5.0;
				TARGETED_DEVICE_FAMILY = "1,2";
			};
			name = Release;
		};
		F439B8BD2BF2D96700CD0BA4 /* Debug */ = {
			isa = XCBuildConfiguration;
			baseConfigurationReference = D931151A6B0CA245F8577202 /* Pods-CoffeShopTests.debug.xcconfig */;
			buildSettings = {
				ALWAYS_EMBED_SWIFT_STANDARD_LIBRARIES = YES;
				BUNDLE_LOADER = "$(TEST_HOST)";
				CODE_SIGN_STYLE = Automatic;
				CURRENT_PROJECT_VERSION = 1;
				GENERATE_INFOPLIST_FILE = YES;
				IPHONEOS_DEPLOYMENT_TARGET = 17.4;
				MARKETING_VERSION = 1.0;
				PRODUCT_BUNDLE_IDENTIFIER = julio.CoffeShopTests;
				PRODUCT_NAME = "$(TARGET_NAME)";
				SWIFT_EMIT_LOC_STRINGS = NO;
				SWIFT_VERSION = 5.0;
				TARGETED_DEVICE_FAMILY = "1,2";
				TEST_HOST = "$(BUILT_PRODUCTS_DIR)/CoffeShop.app/$(BUNDLE_EXECUTABLE_FOLDER_PATH)/CoffeShop";
			};
			name = Debug;
		};
		F439B8BE2BF2D96700CD0BA4 /* Release */ = {
			isa = XCBuildConfiguration;
			baseConfigurationReference = 9A6AA1C13C573ACCEBC743A3 /* Pods-CoffeShopTests.release.xcconfig */;
			buildSettings = {
				ALWAYS_EMBED_SWIFT_STANDARD_LIBRARIES = YES;
				BUNDLE_LOADER = "$(TEST_HOST)";
				CODE_SIGN_STYLE = Automatic;
				CURRENT_PROJECT_VERSION = 1;
				GENERATE_INFOPLIST_FILE = YES;
				IPHONEOS_DEPLOYMENT_TARGET = 17.4;
				MARKETING_VERSION = 1.0;
				PRODUCT_BUNDLE_IDENTIFIER = julio.CoffeShopTests;
				PRODUCT_NAME = "$(TARGET_NAME)";
				SWIFT_EMIT_LOC_STRINGS = NO;
				SWIFT_VERSION = 5.0;
				TARGETED_DEVICE_FAMILY = "1,2";
				TEST_HOST = "$(BUILT_PRODUCTS_DIR)/CoffeShop.app/$(BUNDLE_EXECUTABLE_FOLDER_PATH)/CoffeShop";
			};
			name = Release;
		};
		F439B8C02BF2D96700CD0BA4 /* Debug */ = {
			isa = XCBuildConfiguration;
			baseConfigurationReference = 3BB8B1A14380652579862A20 /* Pods-CoffeShop-CoffeShopUITests.debug.xcconfig */;
			buildSettings = {
				ALWAYS_EMBED_SWIFT_STANDARD_LIBRARIES = YES;
				CODE_SIGN_STYLE = Automatic;
				CURRENT_PROJECT_VERSION = 1;
				GENERATE_INFOPLIST_FILE = YES;
				MARKETING_VERSION = 1.0;
				PRODUCT_BUNDLE_IDENTIFIER = julio.CoffeShopUITests;
				PRODUCT_NAME = "$(TARGET_NAME)";
				SWIFT_EMIT_LOC_STRINGS = NO;
				SWIFT_VERSION = 5.0;
				TARGETED_DEVICE_FAMILY = "1,2";
				TEST_TARGET_NAME = CoffeShop;
			};
			name = Debug;
		};
		F439B8C12BF2D96700CD0BA4 /* Release */ = {
			isa = XCBuildConfiguration;
			baseConfigurationReference = CA3F80F369D909257BC42C90 /* Pods-CoffeShop-CoffeShopUITests.release.xcconfig */;
			buildSettings = {
				ALWAYS_EMBED_SWIFT_STANDARD_LIBRARIES = YES;
				CODE_SIGN_STYLE = Automatic;
				CURRENT_PROJECT_VERSION = 1;
				GENERATE_INFOPLIST_FILE = YES;
				MARKETING_VERSION = 1.0;
				PRODUCT_BUNDLE_IDENTIFIER = julio.CoffeShopUITests;
				PRODUCT_NAME = "$(TARGET_NAME)";
				SWIFT_EMIT_LOC_STRINGS = NO;
				SWIFT_VERSION = 5.0;
				TARGETED_DEVICE_FAMILY = "1,2";
				TEST_TARGET_NAME = CoffeShop;
			};
			name = Release;
		};
/* End XCBuildConfiguration section */

/* Begin XCConfigurationList section */
		F439B88A2BF2D96500CD0BA4 /* Build configuration list for PBXProject "CoffeShop" */ = {
			isa = XCConfigurationList;
			buildConfigurations = (
				F439B8B72BF2D96700CD0BA4 /* Debug */,
				F439B8B82BF2D96700CD0BA4 /* Release */,
			);
			defaultConfigurationIsVisible = 0;
			defaultConfigurationName = Release;
		};
		F439B8B92BF2D96700CD0BA4 /* Build configuration list for PBXNativeTarget "CoffeShop" */ = {
			isa = XCConfigurationList;
			buildConfigurations = (
				F439B8BA2BF2D96700CD0BA4 /* Debug */,
				F439B8BB2BF2D96700CD0BA4 /* Release */,
			);
			defaultConfigurationIsVisible = 0;
			defaultConfigurationName = Release;
		};
		F439B8BC2BF2D96700CD0BA4 /* Build configuration list for PBXNativeTarget "CoffeShopTests" */ = {
			isa = XCConfigurationList;
			buildConfigurations = (
				F439B8BD2BF2D96700CD0BA4 /* Debug */,
				F439B8BE2BF2D96700CD0BA4 /* Release */,
			);
			defaultConfigurationIsVisible = 0;
			defaultConfigurationName = Release;
		};
		F439B8BF2BF2D96700CD0BA4 /* Build configuration list for PBXNativeTarget "CoffeShopUITests" */ = {
			isa = XCConfigurationList;
			buildConfigurations = (
				F439B8C02BF2D96700CD0BA4 /* Debug */,
				F439B8C12BF2D96700CD0BA4 /* Release */,
			);
			defaultConfigurationIsVisible = 0;
			defaultConfigurationName = Release;
		};
/* End XCConfigurationList section */
	};
	rootObject = F439B8872BF2D96500CD0BA4 /* Project object */;
}
